{
  "nodes": {
    "agenix": {
      "inputs": {
        "darwin": "darwin",
        "nixpkgs": [
          "nixpkgs"
        ]
      },
      "locked": {
        "lastModified": 1680281360,
        "narHash": "sha256-XdLTgAzjJNDhAG2V+++0bHpSzfvArvr2pW6omiFfEJk=",
        "ref": "main",
        "rev": "e64961977f60388dd0b49572bb0fc453b871f896",
        "revCount": 224,
        "type": "git",
        "url": "https://github.com/ryantm/agenix"
      },
      "original": {
        "ref": "main",
        "type": "git",
        "url": "https://github.com/ryantm/agenix"
      }
    },
    "darwin": {
      "inputs": {
        "nixpkgs": [
          "agenix",
          "nixpkgs"
        ]
      },
      "locked": {
        "lastModified": 1673295039,
        "narHash": "sha256-AsdYgE8/GPwcelGgrntlijMg4t3hLFJFCRF3tL5WVjA=",
        "owner": "lnl7",
        "repo": "nix-darwin",
        "rev": "87b9d090ad39b25b2400029c64825fc2a8868943",
        "type": "github"
      },
      "original": {
        "owner": "lnl7",
        "ref": "master",
        "repo": "nix-darwin",
        "type": "github"
      }
    },
    "fenix": {
      "inputs": {
        "nixpkgs": [
          "microvm-nix",
          "nixpkgs"
        ],
        "rust-analyzer-src": "rust-analyzer-src"
      },
      "locked": {
        "lastModified": 1679466129,
        "narHash": "sha256-BQt0ADAhPAwuoq3z+iprmHyw1NeyerOw1GiIEJkANGc=",
        "owner": "nix-community",
        "repo": "fenix",
        "rev": "49237f7a76b98954306e77a7bd42f6491ad5c6a7",
        "type": "github"
      },
      "original": {
        "owner": "nix-community",
        "repo": "fenix",
        "type": "github"
      }
    },
    "fenix_2": {
      "inputs": {
        "nixpkgs": [
          "nixpkgs-fmt",
          "nixpkgs"
        ],
        "rust-analyzer-src": "rust-analyzer-src_2"
      },
      "locked": {
        "lastModified": 1637475807,
        "narHash": "sha256-E3nzOvlzZXwyo8Stp5upKsTCDcqUTYAFj4EC060A31c=",
        "owner": "nix-community",
        "repo": "fenix",
        "rev": "960e7fef45692a4fffc6df6d6b613b0399bbdfd5",
        "type": "github"
      },
      "original": {
        "owner": "nix-community",
        "repo": "fenix",
        "type": "github"
      }
    },
    "fenix_3": {
      "inputs": {
        "nixpkgs": [
          "statix",
          "nixpkgs"
        ],
        "rust-analyzer-src": "rust-analyzer-src_3"
      },
      "locked": {
        "lastModified": 1645251813,
        "narHash": "sha256-cQ66tGjnZclBCS3nD26mZ5fUH+3/HnysGffBiWXUSHk=",
        "owner": "nix-community",
        "repo": "fenix",
        "rev": "9892337b588c38ec59466a1c89befce464aae7f8",
        "type": "github"
      },
      "original": {
        "owner": "nix-community",
        "repo": "fenix",
        "type": "github"
      }
    },
    "flake-compat": {
      "flake": false,
      "locked": {
        "lastModified": 1673956053,
        "narHash": "sha256-4gtG9iQuiKITOjNQQeQIpoIB6b16fm+504Ch3sNKLd8=",
        "ref": "master",
        "rev": "35bb57c0c8d8b62bbfd284272c928ceb64ddbde9",
        "revCount": 44,
        "type": "git",
        "url": "https://github.com/edolstra/flake-compat"
      },
      "original": {
        "ref": "master",
        "type": "git",
        "url": "https://github.com/edolstra/flake-compat"
      }
    },
    "flake-utils": {
      "locked": {
        "lastModified": 1678901627,
        "narHash": "sha256-U02riOqrKKzwjsxc/400XnElV+UtPUQWpANPlyazjH0=",
        "ref": "main",
        "rev": "93a2b84fc4b70d9e089d029deacc3583435c2ed6",
        "revCount": 68,
        "type": "git",
        "url": "https://github.com/numtide/flake-utils"
      },
      "original": {
        "ref": "main",
        "type": "git",
        "url": "https://github.com/numtide/flake-utils"
      }
    },
    "gitignore-nix": {
      "inputs": {
        "nixpkgs": [
          "nixpkgs"
        ]
      },
      "locked": {
        "lastModified": 1660459072,
        "narHash": "sha256-8DFJjXG8zqoONA1vXtgeKXy68KdJL5UaXR8NtVMUbx8=",
        "ref": "master",
        "rev": "a20de23b925fd8264fd7fad6454652e142fd7f73",
        "revCount": 85,
        "type": "git",
        "url": "https://github.com/hercules-ci/gitignore.nix"
      },
      "original": {
        "ref": "master",
        "type": "git",
        "url": "https://github.com/hercules-ci/gitignore.nix"
      }
    },
    "home-manager": {
      "inputs": {
        "nixpkgs": [
          "nixpkgs"
        ],
        "utils": [
          "flake-utils"
        ]
      },
      "locked": {
        "lastModified": 1679738842,
        "narHash": "sha256-CvqRbsyDW756EskojZptDU590rez29RcHDV3ezoze08=",
        "ref": "release-22.11",
        "rev": "83110c259889230b324bb2d35bef78bf5f214a1f",
        "revCount": 2422,
        "type": "git",
        "url": "https://github.com/nix-community/home-manager"
      },
      "original": {
        "ref": "release-22.11",
        "type": "git",
        "url": "https://github.com/nix-community/home-manager"
      }
    },
    "hydra": {
      "inputs": {
        "nix": [
          "nix"
        ],
        "nixpkgs": [
          "nixpkgs"
        ]
      },
      "locked": {
        "lastModified": 1679916613,
        "narHash": "sha256-Nj9U0V7Zv7XoRDdO7ECphTk6jHfOgeZe6G0x4FQLpJ0=",
        "ref": "master",
        "rev": "082495e34e094cae1eb49dbfc5648938e23c6355",
        "revCount": 4022,
        "type": "git",
        "url": "https://github.com/NixOS/hydra"
      },
      "original": {
        "ref": "master",
        "type": "git",
        "url": "https://github.com/NixOS/hydra"
      }
    },
    "impermanence": {
      "locked": {
        "lastModified": 1675359654,
        "narHash": "sha256-FPxzuvJkcO49g4zkWLSeuZkln54bLoTtrggZDJBH90I=",
        "ref": "master",
        "rev": "6138eb8e737bffabd4c8fc78ae015d4fd6a7e2fd",
        "revCount": 97,
        "type": "git",
        "url": "https://github.com/nix-community/impermanence"
      },
      "original": {
        "ref": "master",
        "type": "git",
        "url": "https://github.com/nix-community/impermanence"
      }
    },
    "lowdown-src": {
      "flake": false,
      "locked": {
        "lastModified": 1633514407,
        "narHash": "sha256-Dw32tiMjdK9t3ETl5fzGrutQTzh2rufgZV4A/BbxuD4=",
        "owner": "kristapsdz",
        "repo": "lowdown",
        "rev": "d2c2b44ff6c27b936ec27358a2653caaef8f73b8",
        "type": "github"
      },
      "original": {
        "owner": "kristapsdz",
        "repo": "lowdown",
        "type": "github"
      }
    },
    "microvm-nix": {
      "inputs": {
        "fenix": "fenix",
        "flake-utils": [
          "flake-utils"
        ],
        "nixpkgs": [
          "nixpkgs"
        ]
      },
      "locked": {
        "lastModified": 1680291155,
        "narHash": "sha256-s1YCdBGhKl3kqlhTICKgfrfHyIbiUczqiUM/TBzCyf4=",
        "ref": "main",
        "rev": "2528d10d30524522027878c871b680532b5172da",
        "revCount": 432,
        "type": "git",
        "url": "https://github.com/astro/microvm.nix"
      },
      "original": {
        "ref": "main",
        "type": "git",
        "url": "https://github.com/astro/microvm.nix"
      }
    },
    "nix": {
      "inputs": {
        "lowdown-src": "lowdown-src",
        "nixpkgs": [
          "nixpkgs"
        ],
        "nixpkgs-regression": "nixpkgs-regression"
      },
      "locked": {
        "lastModified": 1677045134,
        "narHash": "sha256-jUc2ccTR8f6MGY2pUKgujm+lxSPNGm/ZAP+toX+nMNc=",
        "ref": "latest-release",
        "rev": "4acc684ef7b3117c6d6ac12837398a0008a53d85",
        "revCount": 13459,
        "type": "git",
        "url": "https://github.com/NixOS/nix"
      },
      "original": {
        "ref": "latest-release",
        "type": "git",
        "url": "https://github.com/NixOS/nix"
      }
    },
    "nixos-hardware": {
      "locked": {
        "lastModified": 1680070330,
        "narHash": "sha256-aoT2YZCd9LEtiEULFLIF0ykKydgE72X8gw/k9/pRS5I=",
        "ref": "master",
        "rev": "a6aa8174fa61e55bd7e62d35464d3092aefe0421",
        "revCount": 1216,
        "type": "git",
        "url": "https://github.com/NixOS/nixos-hardware"
      },
      "original": {
        "ref": "master",
        "type": "git",
        "url": "https://github.com/NixOS/nixos-hardware"
      }
    },
    "nixpkgs": {
      "locked": {
        "lastModified": 1680213900,
        "narHash": "sha256-cIDr5WZIj3EkKyCgj/6j3HBH4Jj1W296z7HTcWj1aMA=",
        "ref": "nixos-unstable",
        "rev": "e3652e0735fbec227f342712f180f4f21f0594f2",
        "revCount": 469482,
        "type": "git",
        "url": "https://github.com/NixOS/nixpkgs"
      },
      "original": {
        "ref": "nixos-unstable",
        "type": "git",
        "url": "https://github.com/NixOS/nixpkgs"
      }
    },
    "nixpkgs-fmt": {
      "inputs": {
        "fenix": "fenix_2",
        "flake-utils": [
          "flake-utils"
        ],
        "nixpkgs": [
          "nixpkgs"
        ]
      },
      "locked": {
        "lastModified": 1678089153,
        "narHash": "sha256-Kr6EDc4RZuUHUu4rP+gh4CQSMH35RDJJ9600vAPZVzo=",
        "ref": "master",
        "rev": "398c5226d3402ec075d36c504a4575c40d01cf0c",
        "revCount": 515,
        "type": "git",
        "url": "https://github.com/nix-community/nixpkgs-fmt"
      },
      "original": {
        "ref": "master",
        "type": "git",
        "url": "https://github.com/nix-community/nixpkgs-fmt"
      }
    },
    "nixpkgs-regression": {
      "locked": {
        "lastModified": 1643052045,
        "narHash": "sha256-uGJ0VXIhWKGXxkeNnq4TvV3CIOkUJ3PAoLZ3HMzNVMw=",
        "owner": "NixOS",
        "repo": "nixpkgs",
        "rev": "215d4d0fd80ca5163643b03a33fde804a29cc1e2",
        "type": "github"
      },
      "original": {
        "owner": "NixOS",
        "repo": "nixpkgs",
        "rev": "215d4d0fd80ca5163643b03a33fde804a29cc1e2",
        "type": "github"
      }
    },
    "nur": {
      "locked": {
        "lastModified": 1680440200,
        "narHash": "sha256-2YYaso8LxNVrYOA/JfqoDL5DKwlorNs8KvdnjI8ixTM=",
        "ref": "master",
        "rev": "b603bb1019572ec9c859a2259622e716587fe457",
        "revCount": 14334,
        "type": "git",
        "url": "https://github.com/nix-community/NUR"
      },
      "original": {
        "ref": "master",
        "type": "git",
        "url": "https://github.com/nix-community/NUR"
      }
    },
    "root": {
      "inputs": {
        "agenix": "agenix",
        "flake-compat": "flake-compat",
        "flake-utils": "flake-utils",
        "gitignore-nix": "gitignore-nix",
        "home-manager": "home-manager",
        "hydra": "hydra",
        "impermanence": "impermanence",
        "microvm-nix": "microvm-nix",
        "nix": "nix",
        "nixos-hardware": "nixos-hardware",
        "nixpkgs": "nixpkgs",
        "nixpkgs-fmt": "nixpkgs-fmt",
        "nur": "nur",
        "statix": "statix"
      }
    },
    "rust-analyzer-src": {
      "flake": false,
      "locked": {
        "lastModified": 1679428647,
        "narHash": "sha256-gyS7UDFNzQfRKJvUDlVuM8wXCIyreBmVq+aiPXhfTlk=",
        "owner": "rust-lang",
        "repo": "rust-analyzer",
        "rev": "3321799e8fac622db50fe8c3284062f7d0f1bf53",
        "type": "github"
      },
      "original": {
        "owner": "rust-lang",
        "ref": "nightly",
        "repo": "rust-analyzer",
        "type": "github"
      }
    },
    "rust-analyzer-src_2": {
      "flake": false,
      "locked": {
        "lastModified": 1637439871,
        "narHash": "sha256-2awQ/obzl7zqYgLwbQL0zT58gN8Xq7n+81GcMiS595I=",
        "owner": "rust-analyzer",
        "repo": "rust-analyzer",
        "rev": "4566414789310acb2617543f4b50beab4bb48e06",
        "type": "github"
      },
      "original": {
        "owner": "rust-analyzer",
        "ref": "nightly",
        "repo": "rust-analyzer",
        "type": "github"
      }
    },
    "rust-analyzer-src_3": {
      "flake": false,
      "locked": {
        "lastModified": 1645205556,
        "narHash": "sha256-e4lZW3qRyOEJ+vLKFQP7m2Dxh5P44NrnekZYLxlucww=",
        "owner": "rust-analyzer",
        "repo": "rust-analyzer",
        "rev": "acf5874b39f3dc5262317a6074d9fc7285081161",
        "type": "github"
      },
      "original": {
        "owner": "rust-analyzer",
        "ref": "nightly",
        "repo": "rust-analyzer",
        "type": "github"
      }
    },
    "statix": {
      "inputs": {
        "fenix": "fenix_3",
        "nixpkgs": [
          "nixpkgs"
        ]
      },
      "locked": {
        "lastModified": 1676888642,
        "narHash": "sha256-C73LOMVVCkeL0jA5xN7klLEDEB4NkuiATEJY4A/tIyM=",
        "ref": "master",
        "rev": "3c7136a23f444db252a556928c1489869ca3ab4e",
        "revCount": 141,
        "type": "git",
        "url": "https://github.com/nerdypepper/statix"
      },
      "original": {
        "ref": "master",
        "type": "git",
        "url": "https://github.com/nerdypepper/statix"
      }
    }
  },
  "root": "root",
  "version": 7
}
