{
  "nodes": {
    "agenix": {
      "inputs": {
        "nixpkgs": [
          "nixpkgs"
        ]
      },
      "locked": {
        "lastModified": 1673301561,
        "narHash": "sha256-gRUWHbBAtMuPDJQXotoI8u6+3DGBIUZHkyQWpIv7WpM=",
        "ref": "main",
        "rev": "42d371d861a227149dc9a7e03350c9ab8b8ddd68",
        "revCount": 159,
        "type": "git",
        "url": "https://github.com/ryantm/agenix"
      },
      "original": {
        "ref": "main",
        "type": "git",
        "url": "https://github.com/ryantm/agenix"
      }
    },
    "fenix": {
      "inputs": {
        "nixpkgs": [
          "nixpkgs"
        ],
        "rust-analyzer-src": "rust-analyzer-src"
      },
      "locked": {
        "lastModified": 1674714173,
        "narHash": "sha256-0JmvmzttdpE49XczoBSb/iQdVcpMe3NDXJDmUeBSGEw=",
        "ref": "main",
        "rev": "baa5e0aa99e5381beb63f909e39d987202f78d59",
        "revCount": 1334,
        "type": "git",
        "url": "https://github.com/nix-community/fenix"
      },
      "original": {
        "ref": "main",
        "type": "git",
        "url": "https://github.com/nix-community/fenix"
      }
    },
    "flake-compat": {
      "flake": false,
      "locked": {
        "lastModified": 1673956053,
        "narHash": "sha256-4gtG9iQuiKITOjNQQeQIpoIB6b16fm+504Ch3sNKLd8=",
        "ref": "master",
        "rev": "35bb57c0c8d8b62bbfd284272c928ceb64ddbde9",
        "revCount": 44,
        "type": "git",
        "url": "https://github.com/edolstra/flake-compat"
      },
      "original": {
        "ref": "master",
        "type": "git",
        "url": "https://github.com/edolstra/flake-compat"
      }
    },
    "flake-utils": {
      "locked": {
        "lastModified": 1667395993,
        "narHash": "sha256-nuEHfE/LcWyuSWnS8t12N1wc105Qtau+/OdUAjtQ0rA=",
        "ref": "master",
        "rev": "5aed5285a952e0b949eb3ba02c12fa4fcfef535f",
        "revCount": 66,
        "type": "git",
        "url": "https://github.com/numtide/flake-utils"
      },
      "original": {
        "ref": "master",
        "type": "git",
        "url": "https://github.com/numtide/flake-utils"
      }
    },
    "gitignore-nix": {
      "inputs": {
        "nixpkgs": [
          "nixpkgs"
        ]
      },
      "locked": {
        "lastModified": 1660459072,
        "narHash": "sha256-8DFJjXG8zqoONA1vXtgeKXy68KdJL5UaXR8NtVMUbx8=",
        "ref": "master",
        "rev": "a20de23b925fd8264fd7fad6454652e142fd7f73",
        "revCount": 85,
        "type": "git",
        "url": "https://github.com/hercules-ci/gitignore.nix"
      },
      "original": {
        "ref": "master",
        "type": "git",
        "url": "https://github.com/hercules-ci/gitignore.nix"
      }
    },
    "home-manager": {
      "inputs": {
        "nixpkgs": [
          "nixpkgs"
        ],
        "utils": [
          "flake-utils"
        ]
      },
      "locked": {
        "lastModified": 1674440933,
        "narHash": "sha256-CASRcD/rK3fn5vUCti3jzry7zi0GsqRsBohNq9wPgLs=",
        "ref": "release-22.11",
        "rev": "65c47ced082e3353113614f77b1bc18822dc731f",
        "revCount": 2408,
        "type": "git",
        "url": "https://github.com/nix-community/home-manager"
      },
      "original": {
        "ref": "release-22.11",
        "type": "git",
        "url": "https://github.com/nix-community/home-manager"
      }
    },
    "hydra": {
      "inputs": {
        "nix": [
          "nix"
        ],
        "nixpkgs": [
          "nixpkgs"
        ]
      },
      "locked": {
        "lastModified": 1671755331,
        "narHash": "sha256-hXsgJj0Cy0ZiCiYdW2OdBz5WmFyOMKuw4zyxKpgUKm4=",
        "ref": "master",
        "rev": "f48f00ee6d5727ae3e488cbf9ce157460853fea8",
        "revCount": 4007,
        "type": "git",
        "url": "https://github.com/NixOS/hydra"
      },
      "original": {
        "ref": "master",
        "type": "git",
        "url": "https://github.com/NixOS/hydra"
      }
    },
    "impermanence": {
      "locked": {
        "lastModified": 1668668915,
        "narHash": "sha256-QjY4ZZbs9shwO4LaLpvlU2bO9J1juYhO9NtV3nrbnYQ=",
        "ref": "master",
        "rev": "5df9108b346f8a42021bf99e50de89c9caa251c3",
        "revCount": 93,
        "type": "git",
        "url": "https://github.com/nix-community/impermanence"
      },
      "original": {
        "ref": "master",
        "type": "git",
        "url": "https://github.com/nix-community/impermanence"
      }
    },
    "lowdown-src": {
      "flake": false,
      "locked": {
        "lastModified": 1633514407,
        "narHash": "sha256-Dw32tiMjdK9t3ETl5fzGrutQTzh2rufgZV4A/BbxuD4=",
        "owner": "kristapsdz",
        "repo": "lowdown",
        "rev": "d2c2b44ff6c27b936ec27358a2653caaef8f73b8",
        "type": "github"
      },
      "original": {
        "owner": "kristapsdz",
        "repo": "lowdown",
        "type": "github"
      }
    },
    "microvm-nix": {
      "inputs": {
        "flake-utils": [
          "flake-utils"
        ],
        "nixpkgs": [
          "nixpkgs"
        ]
      },
      "locked": {
        "lastModified": 1674747738,
        "narHash": "sha256-FSaBkfXiKo6jdvjUx/SJhM/+h+QQIxFu7cCXs8uxZ6Q=",
        "ref": "main",
        "rev": "0a3d48e06b8c04beb3de0a3283bd1ef29fe4a47d",
        "revCount": 406,
        "type": "git",
        "url": "https://github.com/astro/microvm.nix"
      },
      "original": {
        "ref": "main",
        "type": "git",
        "url": "https://github.com/astro/microvm.nix"
      }
    },
    "naersk": {
      "inputs": {
        "nixpkgs": "nixpkgs"
      },
      "locked": {
        "lastModified": 1671096816,
        "narHash": "sha256-ezQCsNgmpUHdZANDCILm3RvtO1xH8uujk/+EqNvzIOg=",
        "ref": "master",
        "rev": "d998160d6a076cfe8f9741e56aeec7e267e3e114",
        "revCount": 306,
        "type": "git",
        "url": "https://github.com/nix-community/naersk"
      },
      "original": {
        "ref": "master",
        "type": "git",
        "url": "https://github.com/nix-community/naersk"
      }
    },
    "nix": {
      "inputs": {
        "lowdown-src": "lowdown-src",
        "nixpkgs": [
          "nixpkgs"
        ],
        "nixpkgs-regression": "nixpkgs-regression"
      },
      "locked": {
        "lastModified": 1674678482,
        "narHash": "sha256-MtVatZVsV+dtjdD4AC4bztrnDFas+WZYHzQMt41FwzU=",
        "ref": "latest-release",
        "rev": "435a16b5556f4171b4204a3f65c9dedf215f168c",
        "revCount": 13442,
        "type": "git",
        "url": "https://github.com/NixOS/nix"
      },
      "original": {
        "ref": "latest-release",
        "type": "git",
        "url": "https://github.com/NixOS/nix"
      }
    },
    "nix-serve": {
      "inputs": {
        "nixpkgs": [
          "nixpkgs"
        ]
      },
      "locked": {
        "lastModified": 1666084249,
        "narHash": "sha256-+0pgVtcSLHvEdP12HazglbNH6xlUlSG29Aqx9dq6gXY=",
        "ref": "master",
        "rev": "988014200965d96eda1285be2d2e4edd05bd3fe0",
        "revCount": 54,
        "type": "git",
        "url": "https://github.com/edolstra/nix-serve"
      },
      "original": {
        "ref": "master",
        "type": "git",
        "url": "https://github.com/edolstra/nix-serve"
      }
    },
    "nixos-hardware": {
      "locked": {
        "lastModified": 1674550793,
        "narHash": "sha256-ljJlIFQZwtBbzWqWTmmw2O5BFmQf1A/DspwMOQtGXHk=",
        "ref": "master",
        "rev": "b7ac0a56029e4f9e6743b9993037a5aaafd57103",
        "revCount": 1132,
        "type": "git",
        "url": "https://github.com/NixOS/nixos-hardware"
      },
      "original": {
        "ref": "master",
        "type": "git",
        "url": "https://github.com/NixOS/nixos-hardware"
      }
    },
    "nixpkgs": {
      "locked": {
        "lastModified": 1674746945,
        "narHash": "sha256-xJ5XrXWPHDArSAJtJVBGRQzHu3ESI13zMNjXbnRaAjY=",
        "owner": "NixOS",
        "repo": "nixpkgs",
        "rev": "e39a949aaa9e4fc652b1619b56e59584e1fc305b",
        "type": "github"
      },
      "original": {
        "id": "nixpkgs",
        "type": "indirect"
      }
    },
    "nixpkgs-fmt": {
      "inputs": {
        "fenix": [
          "fenix"
        ],
        "flake-utils": [
          "flake-utils"
        ],
        "nixpkgs": "nixpkgs_3"
      },
      "locked": {
        "lastModified": 1674305531,
        "narHash": "sha256-0p7gNg56XlmZJrk5VIv4ZGnO6mkJ50eCNKoLaOvTH0w=",
        "ref": "master",
        "rev": "d94168e9d7f8ffb24fe43726d3f9bd29c95b9ef3",
        "revCount": 513,
        "type": "git",
        "url": "https://github.com/nix-community/nixpkgs-fmt"
      },
      "original": {
        "ref": "master",
        "type": "git",
        "url": "https://github.com/nix-community/nixpkgs-fmt"
      }
    },
    "nixpkgs-lint": {
      "inputs": {
        "flake-compat": [
          "flake-compat"
        ],
        "naersk": [
          "naersk"
        ],
        "nixpkgs": [
          "nixpkgs"
        ],
        "utils": [
          "flake-utils"
        ]
      },
      "locked": {
        "lastModified": 1670543293,
        "narHash": "sha256-G5+KRMJACA42KQG1EKV9MdGvNQsK50pu9Y5lFm2WigY=",
        "ref": "master",
        "rev": "77f8ca80edf582de8054c61d0398ddb61e5f84d0",
        "revCount": 74,
        "type": "git",
        "url": "https://github.com/nix-community/nixpkgs-lint"
      },
      "original": {
        "ref": "master",
        "type": "git",
        "url": "https://github.com/nix-community/nixpkgs-lint"
      }
    },
    "nixpkgs-regression": {
      "locked": {
        "lastModified": 1643052045,
        "narHash": "sha256-uGJ0VXIhWKGXxkeNnq4TvV3CIOkUJ3PAoLZ3HMzNVMw=",
        "owner": "NixOS",
        "repo": "nixpkgs",
        "rev": "215d4d0fd80ca5163643b03a33fde804a29cc1e2",
        "type": "github"
      },
      "original": {
        "owner": "NixOS",
        "repo": "nixpkgs",
        "rev": "215d4d0fd80ca5163643b03a33fde804a29cc1e2",
        "type": "github"
      }
    },
    "nixpkgs_2": {
      "locked": {
        "lastModified": 1674692158,
        "narHash": "sha256-oqGpwVg4D+eMSgF7Th5Ve1ysCiH3H3g85vGJ3nvJsZQ=",
        "ref": "nixos-22.11",
        "rev": "def9e420d27c951026d57dc96ce0218c3131f412",
        "revCount": 430661,
        "type": "git",
        "url": "https://github.com/NixOS/nixpkgs"
      },
      "original": {
        "ref": "nixos-22.11",
        "type": "git",
        "url": "https://github.com/NixOS/nixpkgs"
      }
    },
    "nixpkgs_3": {
      "locked": {
        "lastModified": 1637502770,
        "narHash": "sha256-C28tuj+AgsRh67iB/Lg9oladquLoC8eamraqndeaO4A=",
        "owner": "NixOS",
        "repo": "nixpkgs",
        "rev": "f508ae889415b51263ea1c20b6b4c0e0ecbfc0bd",
        "type": "github"
      },
      "original": {
        "id": "nixpkgs",
        "type": "indirect"
      }
    },
    "nur": {
      "locked": {
        "lastModified": 1674771478,
        "narHash": "sha256-WI5CNBN3ys5vUcfUvpVIfU4lYm3b5Oon8sbJnNG1nK8=",
        "ref": "master",
        "rev": "2d809d91d70e26e983d61a50546947f3189d05bb",
        "revCount": 13377,
        "type": "git",
        "url": "https://github.com/nix-community/NUR"
      },
      "original": {
        "ref": "master",
        "type": "git",
        "url": "https://github.com/nix-community/NUR"
      }
    },
    "root": {
      "inputs": {
        "agenix": "agenix",
        "fenix": "fenix",
        "flake-compat": "flake-compat",
        "flake-utils": "flake-utils",
        "gitignore-nix": "gitignore-nix",
        "home-manager": "home-manager",
        "hydra": "hydra",
        "impermanence": "impermanence",
        "microvm-nix": "microvm-nix",
        "naersk": "naersk",
        "nix": "nix",
        "nix-serve": "nix-serve",
        "nixos-hardware": "nixos-hardware",
        "nixpkgs": "nixpkgs_2",
        "nixpkgs-fmt": "nixpkgs-fmt",
        "nixpkgs-lint": "nixpkgs-lint",
        "nur": "nur"
      }
    },
    "rust-analyzer-src": {
      "flake": false,
      "locked": {
        "lastModified": 1674661381,
        "narHash": "sha256-7A92LFbNJYi94Iio7HeDW1bT+tPTQ00zjNmsVfWLme8=",
        "owner": "rust-lang",
        "repo": "rust-analyzer",
        "rev": "dd673eea33079a3bf194fad25a6aec2e824e9041",
        "type": "github"
      },
      "original": {
        "owner": "rust-lang",
        "ref": "nightly",
        "repo": "rust-analyzer",
        "type": "github"
      }
    }
  },
  "root": "root",
  "version": 7
}
