{
  "nodes": {
    "agenix": {
      "inputs": {
        "darwin": "darwin",
        "home-manager": [
          "home-manager"
        ],
        "nixpkgs": [
          "nixpkgs"
        ]
      },
      "locked": {
        "lastModified": 1694733633,
        "narHash": "sha256-/o/OubAsPMbxqru59tLlWzUI7LBNDaoW4rFwQ2Smxcg=",
        "ref": "refs/tags/0.14.0",
        "rev": "50cba110ed27578a644812b3dba2c8910677a148",
        "revCount": 252,
        "type": "git",
        "url": "https://github.com/ryantm/agenix"
      },
      "original": {
        "ref": "refs/tags/0.14.0",
        "type": "git",
        "url": "https://github.com/ryantm/agenix"
      }
    },
    "darwin": {
      "inputs": {
        "nixpkgs": [
          "agenix",
          "nixpkgs"
        ]
      },
      "locked": {
        "lastModified": 1694497842,
        "narHash": "sha256-z03v/m0OwcLBok97KcUgMl8ZFw5Xwsi2z+n6nL7JdXY=",
        "owner": "lnl7",
        "repo": "nix-darwin",
        "rev": "4496ab26628c5f43d2a5c577a06683c753e32fe2",
        "type": "github"
      },
      "original": {
        "owner": "lnl7",
        "ref": "master",
        "repo": "nix-darwin",
        "type": "github"
      }
    },
    "flake-compat": {
      "flake": false,
      "locked": {
        "lastModified": 1673956053,
        "narHash": "sha256-4gtG9iQuiKITOjNQQeQIpoIB6b16fm+504Ch3sNKLd8=",
        "owner": "edolstra",
        "repo": "flake-compat",
        "rev": "35bb57c0c8d8b62bbfd284272c928ceb64ddbde9",
        "type": "github"
      },
      "original": {
        "owner": "edolstra",
        "repo": "flake-compat",
        "type": "github"
      }
    },
    "flake-utils": {
      "inputs": {
        "systems": "systems"
      },
      "locked": {
        "lastModified": 1692799911,
        "narHash": "sha256-3eihraek4qL744EvQXsK1Ha6C3CR7nnT8X2qWap4RNk=",
        "ref": "main",
        "rev": "f9e7cf818399d17d347f847525c5a5a8032e4e44",
        "revCount": 85,
        "type": "git",
        "url": "https://github.com/numtide/flake-utils"
      },
      "original": {
        "ref": "main",
        "type": "git",
        "url": "https://github.com/numtide/flake-utils"
      }
    },
    "gitignore-nix": {
      "inputs": {
        "nixpkgs": [
          "nixpkgs"
        ]
      },
      "locked": {
        "lastModified": 1694102001,
        "narHash": "sha256-vky6VPK1n1od6vXbqzOXnekrQpTL4hbPAwUhT5J9c9E=",
        "ref": "master",
        "rev": "9e21c80adf67ebcb077d75bd5e7d724d21eeafd6",
        "revCount": 94,
        "type": "git",
        "url": "https://github.com/hercules-ci/gitignore.nix"
      },
      "original": {
        "ref": "master",
        "type": "git",
        "url": "https://github.com/hercules-ci/gitignore.nix"
      }
    },
    "home-manager": {
      "inputs": {
        "nixpkgs": [
          "nixpkgs"
        ]
      },
      "locked": {
        "lastModified": 1693208669,
        "narHash": "sha256-hHFaaUsZ860wvppPeiu7nJn/nXZjJfnqAQEu9SPFE9I=",
        "ref": "release-23.05",
        "rev": "5bac4a1c06cd77cf8fc35a658ccb035a6c50cd2c",
        "revCount": 2780,
        "type": "git",
        "url": "https://github.com/nix-community/home-manager"
      },
      "original": {
        "ref": "release-23.05",
        "type": "git",
        "url": "https://github.com/nix-community/home-manager"
      }
    },
    "impermanence": {
      "locked": {
        "lastModified": 1690797372,
        "narHash": "sha256-GImz19e33SeVcIvBB7NnhbJSbTpFFmNtWLh7Z85Y188=",
        "ref": "master",
        "rev": "e3a7acd113903269a1b5c8b527e84ce7ee859851",
        "revCount": 112,
        "type": "git",
        "url": "https://github.com/nix-community/impermanence"
      },
      "original": {
        "ref": "master",
        "type": "git",
        "url": "https://github.com/nix-community/impermanence"
      }
    },
    "lowdown-src": {
      "flake": false,
      "locked": {
        "lastModified": 1633514407,
        "narHash": "sha256-Dw32tiMjdK9t3ETl5fzGrutQTzh2rufgZV4A/BbxuD4=",
        "owner": "kristapsdz",
        "repo": "lowdown",
        "rev": "d2c2b44ff6c27b936ec27358a2653caaef8f73b8",
        "type": "github"
      },
      "original": {
        "owner": "kristapsdz",
        "repo": "lowdown",
        "type": "github"
      }
    },
    "nix": {
      "inputs": {
        "flake-compat": "flake-compat",
        "lowdown-src": "lowdown-src",
        "nixpkgs": [
          "nixpkgs"
        ],
        "nixpkgs-regression": "nixpkgs-regression"
      },
      "locked": {
        "lastModified": 1690219894,
        "narHash": "sha256-QMYAkdtU+g9HlZKtoJ+AI6TbWzzovKGnPZJHfZdclc8=",
        "ref": "latest-release",
        "rev": "a212300a1d9f9c7b0daf19c00c87fc50480f54f4",
        "revCount": 14727,
        "type": "git",
        "url": "https://github.com/NixOS/nix"
      },
      "original": {
        "ref": "latest-release",
        "type": "git",
        "url": "https://github.com/NixOS/nix"
      }
    },
    "nixos-artwork": {
      "flake": false,
      "locked": {
        "lastModified": 1694288448,
        "narHash": "sha256-zKnCjwVsLuubxBzLsvGFrIyU84+isXai/pshSPDUlP0=",
        "ref": "master",
        "rev": "e7e665687ff9d80550e26948405511bc70b5c6de",
        "revCount": 152,
        "type": "git",
        "url": "https://github.com/NixOS/nixos-artwork"
      },
      "original": {
        "ref": "master",
        "type": "git",
        "url": "https://github.com/NixOS/nixos-artwork"
      }
    },
    "nixos-hardware": {
      "locked": {
        "lastModified": 1693718952,
        "narHash": "sha256-+nGdJlgTk0MPN7NygopipmyylVuAVi7OItIwTlwtGnw=",
        "ref": "master",
        "rev": "793de77d9f83418b428e8ba70d1e42c6507d0d35",
        "revCount": 1347,
        "type": "git",
        "url": "https://github.com/NixOS/nixos-hardware"
      },
      "original": {
        "ref": "master",
        "type": "git",
        "url": "https://github.com/NixOS/nixos-hardware"
      }
    },
    "nixpkgs": {
      "locked": {
        "lastModified": 1694304580,
        "narHash": "sha256-5tIpNodDpEKT8mM/F5zCzWEAnidOg8eb1/x3SRaaBLs=",
        "ref": "nixos-23.05",
        "rev": "4c8cf44c5b9481a4f093f1df3b8b7ba997a7c760",
        "revCount": 490740,
        "type": "git",
        "url": "https://github.com/NixOS/nixpkgs"
      },
      "original": {
        "ref": "nixos-23.05",
        "type": "git",
        "url": "https://github.com/NixOS/nixpkgs"
      }
    },
    "nixpkgs-regression": {
      "locked": {
        "lastModified": 1643052045,
        "narHash": "sha256-uGJ0VXIhWKGXxkeNnq4TvV3CIOkUJ3PAoLZ3HMzNVMw=",
        "owner": "NixOS",
        "repo": "nixpkgs",
        "rev": "215d4d0fd80ca5163643b03a33fde804a29cc1e2",
        "type": "github"
      },
      "original": {
        "owner": "NixOS",
        "repo": "nixpkgs",
        "rev": "215d4d0fd80ca5163643b03a33fde804a29cc1e2",
        "type": "github"
      }
    },
    "root": {
      "inputs": {
        "agenix": "agenix",
        "flake-utils": "flake-utils",
        "gitignore-nix": "gitignore-nix",
        "home-manager": "home-manager",
        "impermanence": "impermanence",
        "nix": "nix",
        "nixos-artwork": "nixos-artwork",
        "nixos-hardware": "nixos-hardware",
        "nixpkgs": "nixpkgs",
        "rust-overlay": "rust-overlay"
      }
    },
    "rust-overlay": {
      "inputs": {
        "flake-utils": [
          "flake-utils"
        ],
        "nixpkgs": [
          "nixpkgs"
        ]
      },
      "locked": {
        "lastModified": 1692929460,
        "narHash": "sha256-zdN6UVtEml7t0WQHVy0avsE+TWJLklXnqJyiPaOa8u0=",
        "ref": "stable",
        "rev": "673e2d3d2a3951adc6f5e3351c9fce6ad130baed",
        "revCount": 1121,
        "type": "git",
        "url": "https://github.com/oxalica/rust-overlay"
      },
      "original": {
        "ref": "stable",
        "type": "git",
        "url": "https://github.com/oxalica/rust-overlay"
      }
    },
    "systems": {
      "locked": {
        "lastModified": 1681028828,
        "narHash": "sha256-Vy1rq5AaRuLzOxct8nz4T6wlgyUR7zLU309k9mBC768=",
        "owner": "nix-systems",
        "repo": "default",
        "rev": "da67096a3b9bf56a91d16901293e51ba5b49a27e",
        "type": "github"
      },
      "original": {
        "owner": "nix-systems",
        "repo": "default",
        "type": "github"
      }
    }
  },
  "root": "root",
  "version": 7
}
